
Microsoft Visual Studio Solution File, Format Version 12.00
# Visual Studio 14
VisualStudioVersion = 14.0.24720.0
MinimumVisualStudioVersion = 10.0.40219.1
Project("{FAE04EC0-301F-11D3-BF4B-00C04F79EFBC}") = "EasyBike", "EasyBike\EasyBike\EasyBike.csproj", "{67DD88B6-5374-4138-A0E7-1DD3F73B1AC6}"
EndProject
Project("{FAE04EC0-301F-11D3-BF4B-00C04F79EFBC}") = "EasyBike.iOS", "EasyBike\EasyBike.iOS\EasyBike.iOS.csproj", "{0AEAD7F6-5B75-4E6A-AE2D-0C187E27B245}"
EndProject
Project("{FAE04EC0-301F-11D3-BF4B-00C04F79EFBC}") = "EasyBike.Droid", "EasyBike\EasyBike.Droid\EasyBike.Droid.csproj", "{E26E0CE6-BD1A-4642-B2C2-AA816B71CB2B}"
EndProject
Project("{FAE04EC0-301F-11D3-BF4B-00C04F79EFBC}") = "EasyBike.WinPhone", "EasyBike\EasyBike.WinPhone\EasyBike.WinPhone.csproj", "{8F22358A-57EC-4527-A133-C3AB176BD935}"
EndProject
Project("{FAE04EC0-301F-11D3-BF4B-00C04F79EFBC}") = "EasyBike.UITests", "EasyBike.UITests\EasyBike.UITests.csproj", "{81CAB23E-FE7D-42E2-9F07-8A5A28CBB325}"
EndProject
Project("{FAE04EC0-301F-11D3-BF4B-00C04F79EFBC}") = "GoogleMapsUtility", "GoogleMapsUtility\GoogleMapsUtility.csproj", "{FFA56329-E2A1-43C0-9060-343147305394}"
EndProject
Project("{FAE04EC0-301F-11D3-BF4B-00C04F79EFBC}") = "SystemTintBar", "SystemTintBar\SystemTintBar.csproj", "{614216EE-A109-4D97-8633-44033E352280}"
EndProject
Project("{FAE04EC0-301F-11D3-BF4B-00C04F79EFBC}") = "IOSBindings", "IOSBindings\IOSBindings.csproj", "{AD9DC558-19D6-4B01-A170-D1838496C749}"
EndProject
Global
	GlobalSection(SolutionConfigurationPlatforms) = preSolution
		Ad-Hoc|Any CPU = Ad-Hoc|Any CPU
		Ad-Hoc|ARM = Ad-Hoc|ARM
		Ad-Hoc|iPhone = Ad-Hoc|iPhone
		Ad-Hoc|iPhoneSimulator = Ad-Hoc|iPhoneSimulator
		Ad-Hoc|x86 = Ad-Hoc|x86
		AppStore|Any CPU = AppStore|Any CPU
		AppStore|ARM = AppStore|ARM
		AppStore|iPhone = AppStore|iPhone
		AppStore|iPhoneSimulator = AppStore|iPhoneSimulator
		AppStore|x86 = AppStore|x86
		Debug|Any CPU = Debug|Any CPU
		Debug|ARM = Debug|ARM
		Debug|iPhone = Debug|iPhone
		Debug|iPhoneSimulator = Debug|iPhoneSimulator
		Debug|x86 = Debug|x86
		Release|Any CPU = Release|Any CPU
		Release|ARM = Release|ARM
		Release|iPhone = Release|iPhone
		Release|iPhoneSimulator = Release|iPhoneSimulator
		Release|x86 = Release|x86
	EndGlobalSection
	GlobalSection(ProjectConfigurationPlatforms) = postSolution
		{67DD88B6-5374-4138-A0E7-1DD3F73B1AC6}.Ad-Hoc|Any CPU.ActiveCfg = Release|Any CPU
		{67DD88B6-5374-4138-A0E7-1DD3F73B1AC6}.Ad-Hoc|Any CPU.Build.0 = Release|Any CPU
		{67DD88B6-5374-4138-A0E7-1DD3F73B1AC6}.Ad-Hoc|ARM.ActiveCfg = Release|Any CPU
		{67DD88B6-5374-4138-A0E7-1DD3F73B1AC6}.Ad-Hoc|ARM.Build.0 = Release|Any CPU
		{67DD88B6-5374-4138-A0E7-1DD3F73B1AC6}.Ad-Hoc|iPhone.ActiveCfg = Release|Any CPU
		{67DD88B6-5374-4138-A0E7-1DD3F73B1AC6}.Ad-Hoc|iPhone.Build.0 = Release|Any CPU
		{67DD88B6-5374-4138-A0E7-1DD3F73B1AC6}.Ad-Hoc|iPhoneSimulator.ActiveCfg = Release|Any CPU
		{67DD88B6-5374-4138-A0E7-1DD3F73B1AC6}.Ad-Hoc|iPhoneSimulator.Build.0 = Release|Any CPU
		{67DD88B6-5374-4138-A0E7-1DD3F73B1AC6}.Ad-Hoc|x86.ActiveCfg = Release|Any CPU
		{67DD88B6-5374-4138-A0E7-1DD3F73B1AC6}.Ad-Hoc|x86.Build.0 = Release|Any CPU
		{67DD88B6-5374-4138-A0E7-1DD3F73B1AC6}.AppStore|Any CPU.ActiveCfg = Release|Any CPU
		{67DD88B6-5374-4138-A0E7-1DD3F73B1AC6}.AppStore|Any CPU.Build.0 = Release|Any CPU
		{67DD88B6-5374-4138-A0E7-1DD3F73B1AC6}.AppStore|ARM.ActiveCfg = Release|Any CPU
		{67DD88B6-5374-4138-A0E7-1DD3F73B1AC6}.AppStore|ARM.Build.0 = Release|Any CPU
		{67DD88B6-5374-4138-A0E7-1DD3F73B1AC6}.AppStore|iPhone.ActiveCfg = Release|Any CPU
		{67DD88B6-5374-4138-A0E7-1DD3F73B1AC6}.AppStore|iPhone.Build.0 = Release|Any CPU
		{67DD88B6-5374-4138-A0E7-1DD3F73B1AC6}.AppStore|iPhoneSimulator.ActiveCfg = Release|Any CPU
		{67DD88B6-5374-4138-A0E7-1DD3F73B1AC6}.AppStore|iPhoneSimulator.Build.0 = Release|Any CPU
		{67DD88B6-5374-4138-A0E7-1DD3F73B1AC6}.AppStore|x86.ActiveCfg = Release|Any CPU
		{67DD88B6-5374-4138-A0E7-1DD3F73B1AC6}.AppStore|x86.Build.0 = Release|Any CPU
		{67DD88B6-5374-4138-A0E7-1DD3F73B1AC6}.Debug|Any CPU.ActiveCfg = Debug|Any CPU
		{67DD88B6-5374-4138-A0E7-1DD3F73B1AC6}.Debug|Any CPU.Build.0 = Debug|Any CPU
		{67DD88B6-5374-4138-A0E7-1DD3F73B1AC6}.Debug|ARM.ActiveCfg = Debug|Any CPU
		{67DD88B6-5374-4138-A0E7-1DD3F73B1AC6}.Debug|ARM.Build.0 = Debug|Any CPU
		{67DD88B6-5374-4138-A0E7-1DD3F73B1AC6}.Debug|iPhone.ActiveCfg = Debug|Any CPU
		{67DD88B6-5374-4138-A0E7-1DD3F73B1AC6}.Debug|iPhone.Build.0 = Debug|Any CPU
		{67DD88B6-5374-4138-A0E7-1DD3F73B1AC6}.Debug|iPhoneSimulator.ActiveCfg = Debug|Any CPU
		{67DD88B6-5374-4138-A0E7-1DD3F73B1AC6}.Debug|iPhoneSimulator.Build.0 = Debug|Any CPU
		{67DD88B6-5374-4138-A0E7-1DD3F73B1AC6}.Debug|x86.ActiveCfg = Debug|Any CPU
		{67DD88B6-5374-4138-A0E7-1DD3F73B1AC6}.Debug|x86.Build.0 = Debug|Any CPU
		{67DD88B6-5374-4138-A0E7-1DD3F73B1AC6}.Release|Any CPU.ActiveCfg = Release|Any CPU
		{67DD88B6-5374-4138-A0E7-1DD3F73B1AC6}.Release|Any CPU.Build.0 = Release|Any CPU
		{67DD88B6-5374-4138-A0E7-1DD3F73B1AC6}.Release|ARM.ActiveCfg = Release|Any CPU
		{67DD88B6-5374-4138-A0E7-1DD3F73B1AC6}.Release|ARM.Build.0 = Release|Any CPU
		{67DD88B6-5374-4138-A0E7-1DD3F73B1AC6}.Release|ARM.Deploy.0 = Release|Any CPU
		{67DD88B6-5374-4138-A0E7-1DD3F73B1AC6}.Release|iPhone.ActiveCfg = Release|Any CPU
		{67DD88B6-5374-4138-A0E7-1DD3F73B1AC6}.Release|iPhone.Build.0 = Release|Any CPU
		{67DD88B6-5374-4138-A0E7-1DD3F73B1AC6}.Release|iPhoneSimulator.ActiveCfg = Release|Any CPU
		{67DD88B6-5374-4138-A0E7-1DD3F73B1AC6}.Release|iPhoneSimulator.Build.0 = Release|Any CPU
		{67DD88B6-5374-4138-A0E7-1DD3F73B1AC6}.Release|x86.ActiveCfg = Release|Any CPU
		{67DD88B6-5374-4138-A0E7-1DD3F73B1AC6}.Release|x86.Build.0 = Release|Any CPU
		{0AEAD7F6-5B75-4E6A-AE2D-0C187E27B245}.Ad-Hoc|Any CPU.ActiveCfg = Release|iPhone
		{0AEAD7F6-5B75-4E6A-AE2D-0C187E27B245}.Ad-Hoc|Any CPU.Build.0 = Release|iPhone
		{0AEAD7F6-5B75-4E6A-AE2D-0C187E27B245}.Ad-Hoc|ARM.ActiveCfg = Release|iPhone
		{0AEAD7F6-5B75-4E6A-AE2D-0C187E27B245}.Ad-Hoc|ARM.Build.0 = Release|iPhone
		{0AEAD7F6-5B75-4E6A-AE2D-0C187E27B245}.Ad-Hoc|iPhone.ActiveCfg = Release|iPhone
		{0AEAD7F6-5B75-4E6A-AE2D-0C187E27B245}.Ad-Hoc|iPhone.Build.0 = Release|iPhone
		{0AEAD7F6-5B75-4E6A-AE2D-0C187E27B245}.Ad-Hoc|iPhoneSimulator.ActiveCfg = Release|iPhoneSimulator
		{0AEAD7F6-5B75-4E6A-AE2D-0C187E27B245}.Ad-Hoc|iPhoneSimulator.Build.0 = Release|iPhoneSimulator
		{0AEAD7F6-5B75-4E6A-AE2D-0C187E27B245}.Ad-Hoc|x86.ActiveCfg = Release|iPhone
		{0AEAD7F6-5B75-4E6A-AE2D-0C187E27B245}.Ad-Hoc|x86.Build.0 = Release|iPhone
		{0AEAD7F6-5B75-4E6A-AE2D-0C187E27B245}.AppStore|Any CPU.ActiveCfg = Release|iPhone
		{0AEAD7F6-5B75-4E6A-AE2D-0C187E27B245}.AppStore|Any CPU.Build.0 = Release|iPhone
		{0AEAD7F6-5B75-4E6A-AE2D-0C187E27B245}.AppStore|ARM.ActiveCfg = Release|iPhone
		{0AEAD7F6-5B75-4E6A-AE2D-0C187E27B245}.AppStore|ARM.Build.0 = Release|iPhone
		{0AEAD7F6-5B75-4E6A-AE2D-0C187E27B245}.AppStore|iPhone.ActiveCfg = Release|iPhone
		{0AEAD7F6-5B75-4E6A-AE2D-0C187E27B245}.AppStore|iPhone.Build.0 = Release|iPhone
		{0AEAD7F6-5B75-4E6A-AE2D-0C187E27B245}.AppStore|iPhoneSimulator.ActiveCfg = Release|iPhoneSimulator
		{0AEAD7F6-5B75-4E6A-AE2D-0C187E27B245}.AppStore|iPhoneSimulator.Build.0 = Release|iPhoneSimulator
		{0AEAD7F6-5B75-4E6A-AE2D-0C187E27B245}.AppStore|x86.ActiveCfg = Release|iPhone
		{0AEAD7F6-5B75-4E6A-AE2D-0C187E27B245}.AppStore|x86.Build.0 = Release|iPhone
		{0AEAD7F6-5B75-4E6A-AE2D-0C187E27B245}.Debug|Any CPU.ActiveCfg = Debug|iPhone
		{0AEAD7F6-5B75-4E6A-AE2D-0C187E27B245}.Debug|ARM.ActiveCfg = Debug|iPhone
		{0AEAD7F6-5B75-4E6A-AE2D-0C187E27B245}.Debug|iPhone.ActiveCfg = Debug|iPhone
		{0AEAD7F6-5B75-4E6A-AE2D-0C187E27B245}.Debug|iPhone.Build.0 = Debug|iPhone
		{0AEAD7F6-5B75-4E6A-AE2D-0C187E27B245}.Debug|iPhoneSimulator.ActiveCfg = Debug|iPhoneSimulator
		{0AEAD7F6-5B75-4E6A-AE2D-0C187E27B245}.Debug|iPhoneSimulator.Build.0 = Debug|iPhoneSimulator
		{0AEAD7F6-5B75-4E6A-AE2D-0C187E27B245}.Debug|x86.ActiveCfg = Debug|iPhone
		{0AEAD7F6-5B75-4E6A-AE2D-0C187E27B245}.Release|Any CPU.ActiveCfg = Release|iPhone
		{0AEAD7F6-5B75-4E6A-AE2D-0C187E27B245}.Release|ARM.ActiveCfg = Release|iPhone
		{0AEAD7F6-5B75-4E6A-AE2D-0C187E27B245}.Release|iPhone.ActiveCfg = Release|iPhone
		{0AEAD7F6-5B75-4E6A-AE2D-0C187E27B245}.Release|iPhone.Build.0 = Release|iPhone
		{0AEAD7F6-5B75-4E6A-AE2D-0C187E27B245}.Release|iPhoneSimulator.ActiveCfg = Release|iPhoneSimulator
		{0AEAD7F6-5B75-4E6A-AE2D-0C187E27B245}.Release|iPhoneSimulator.Build.0 = Release|iPhoneSimulator
		{0AEAD7F6-5B75-4E6A-AE2D-0C187E27B245}.Release|x86.ActiveCfg = Release|iPhone
		{E26E0CE6-BD1A-4642-B2C2-AA816B71CB2B}.Ad-Hoc|Any CPU.ActiveCfg = Release|Any CPU
		{E26E0CE6-BD1A-4642-B2C2-AA816B71CB2B}.Ad-Hoc|Any CPU.Build.0 = Release|Any CPU
		{E26E0CE6-BD1A-4642-B2C2-AA816B71CB2B}.Ad-Hoc|Any CPU.Deploy.0 = Release|Any CPU
		{E26E0CE6-BD1A-4642-B2C2-AA816B71CB2B}.Ad-Hoc|ARM.ActiveCfg = Release|Any CPU
		{E26E0CE6-BD1A-4642-B2C2-AA816B71CB2B}.Ad-Hoc|ARM.Build.0 = Release|Any CPU
		{E26E0CE6-BD1A-4642-B2C2-AA816B71CB2B}.Ad-Hoc|ARM.Deploy.0 = Release|Any CPU
		{E26E0CE6-BD1A-4642-B2C2-AA816B71CB2B}.Ad-Hoc|iPhone.ActiveCfg = Release|Any CPU
		{E26E0CE6-BD1A-4642-B2C2-AA816B71CB2B}.Ad-Hoc|iPhone.Build.0 = Release|Any CPU
		{E26E0CE6-BD1A-4642-B2C2-AA816B71CB2B}.Ad-Hoc|iPhone.Deploy.0 = Release|Any CPU
		{E26E0CE6-BD1A-4642-B2C2-AA816B71CB2B}.Ad-Hoc|iPhoneSimulator.ActiveCfg = Release|Any CPU
		{E26E0CE6-BD1A-4642-B2C2-AA816B71CB2B}.Ad-Hoc|iPhoneSimulator.Build.0 = Release|Any CPU
		{E26E0CE6-BD1A-4642-B2C2-AA816B71CB2B}.Ad-Hoc|iPhoneSimulator.Deploy.0 = Release|Any CPU
		{E26E0CE6-BD1A-4642-B2C2-AA816B71CB2B}.Ad-Hoc|x86.ActiveCfg = Release|Any CPU
		{E26E0CE6-BD1A-4642-B2C2-AA816B71CB2B}.Ad-Hoc|x86.Build.0 = Release|Any CPU
		{E26E0CE6-BD1A-4642-B2C2-AA816B71CB2B}.Ad-Hoc|x86.Deploy.0 = Release|Any CPU
		{E26E0CE6-BD1A-4642-B2C2-AA816B71CB2B}.AppStore|Any CPU.ActiveCfg = Release|Any CPU
		{E26E0CE6-BD1A-4642-B2C2-AA816B71CB2B}.AppStore|Any CPU.Build.0 = Release|Any CPU
		{E26E0CE6-BD1A-4642-B2C2-AA816B71CB2B}.AppStore|Any CPU.Deploy.0 = Release|Any CPU
		{E26E0CE6-BD1A-4642-B2C2-AA816B71CB2B}.AppStore|ARM.ActiveCfg = Release|Any CPU
		{E26E0CE6-BD1A-4642-B2C2-AA816B71CB2B}.AppStore|ARM.Build.0 = Release|Any CPU
		{E26E0CE6-BD1A-4642-B2C2-AA816B71CB2B}.AppStore|ARM.Deploy.0 = Release|Any CPU
		{E26E0CE6-BD1A-4642-B2C2-AA816B71CB2B}.AppStore|iPhone.ActiveCfg = Release|Any CPU
		{E26E0CE6-BD1A-4642-B2C2-AA816B71CB2B}.AppStore|iPhone.Build.0 = Release|Any CPU
		{E26E0CE6-BD1A-4642-B2C2-AA816B71CB2B}.AppStore|iPhone.Deploy.0 = Release|Any CPU
		{E26E0CE6-BD1A-4642-B2C2-AA816B71CB2B}.AppStore|iPhoneSimulator.ActiveCfg = Release|Any CPU
		{E26E0CE6-BD1A-4642-B2C2-AA816B71CB2B}.AppStore|iPhoneSimulator.Build.0 = Release|Any CPU
		{E26E0CE6-BD1A-4642-B2C2-AA816B71CB2B}.AppStore|iPhoneSimulator.Deploy.0 = Release|Any CPU
		{E26E0CE6-BD1A-4642-B2C2-AA816B71CB2B}.AppStore|x86.ActiveCfg = Release|Any CPU
		{E26E0CE6-BD1A-4642-B2C2-AA816B71CB2B}.AppStore|x86.Build.0 = Release|Any CPU
		{E26E0CE6-BD1A-4642-B2C2-AA816B71CB2B}.AppStore|x86.Deploy.0 = Release|Any CPU
		{E26E0CE6-BD1A-4642-B2C2-AA816B71CB2B}.Debug|Any CPU.ActiveCfg = Debug|Any CPU
		{E26E0CE6-BD1A-4642-B2C2-AA816B71CB2B}.Debug|Any CPU.Build.0 = Debug|Any CPU
		{E26E0CE6-BD1A-4642-B2C2-AA816B71CB2B}.Debug|Any CPU.Deploy.0 = Debug|Any CPU
		{E26E0CE6-BD1A-4642-B2C2-AA816B71CB2B}.Debug|ARM.ActiveCfg = Debug|Any CPU
		{E26E0CE6-BD1A-4642-B2C2-AA816B71CB2B}.Debug|ARM.Build.0 = Debug|Any CPU
		{E26E0CE6-BD1A-4642-B2C2-AA816B71CB2B}.Debug|ARM.Deploy.0 = Debug|Any CPU
		{E26E0CE6-BD1A-4642-B2C2-AA816B71CB2B}.Debug|iPhone.ActiveCfg = Debug|Any CPU
		{E26E0CE6-BD1A-4642-B2C2-AA816B71CB2B}.Debug|iPhone.Build.0 = Debug|Any CPU
		{E26E0CE6-BD1A-4642-B2C2-AA816B71CB2B}.Debug|iPhone.Deploy.0 = Debug|Any CPU
		{E26E0CE6-BD1A-4642-B2C2-AA816B71CB2B}.Debug|iPhoneSimulator.ActiveCfg = Debug|Any CPU
		{E26E0CE6-BD1A-4642-B2C2-AA816B71CB2B}.Debug|iPhoneSimulator.Build.0 = Debug|Any CPU
		{E26E0CE6-BD1A-4642-B2C2-AA816B71CB2B}.Debug|iPhoneSimulator.Deploy.0 = Debug|Any CPU
		{E26E0CE6-BD1A-4642-B2C2-AA816B71CB2B}.Debug|x86.ActiveCfg = Debug|Any CPU
		{E26E0CE6-BD1A-4642-B2C2-AA816B71CB2B}.Debug|x86.Build.0 = Debug|Any CPU
		{E26E0CE6-BD1A-4642-B2C2-AA816B71CB2B}.Debug|x86.Deploy.0 = Debug|Any CPU
		{E26E0CE6-BD1A-4642-B2C2-AA816B71CB2B}.Release|Any CPU.ActiveCfg = Release|Any CPU
		{E26E0CE6-BD1A-4642-B2C2-AA816B71CB2B}.Release|Any CPU.Build.0 = Release|Any CPU
		{E26E0CE6-BD1A-4642-B2C2-AA816B71CB2B}.Release|Any CPU.Deploy.0 = Release|Any CPU
		{E26E0CE6-BD1A-4642-B2C2-AA816B71CB2B}.Release|ARM.ActiveCfg = Release|Any CPU
		{E26E0CE6-BD1A-4642-B2C2-AA816B71CB2B}.Release|ARM.Build.0 = Release|Any CPU
		{E26E0CE6-BD1A-4642-B2C2-AA816B71CB2B}.Release|ARM.Deploy.0 = Release|Any CPU
		{E26E0CE6-BD1A-4642-B2C2-AA816B71CB2B}.Release|iPhone.ActiveCfg = Release|Any CPU
		{E26E0CE6-BD1A-4642-B2C2-AA816B71CB2B}.Release|iPhone.Build.0 = Release|Any CPU
		{E26E0CE6-BD1A-4642-B2C2-AA816B71CB2B}.Release|iPhone.Deploy.0 = Release|Any CPU
		{E26E0CE6-BD1A-4642-B2C2-AA816B71CB2B}.Release|iPhoneSimulator.ActiveCfg = Release|Any CPU
		{E26E0CE6-BD1A-4642-B2C2-AA816B71CB2B}.Release|iPhoneSimulator.Build.0 = Release|Any CPU
		{E26E0CE6-BD1A-4642-B2C2-AA816B71CB2B}.Release|iPhoneSimulator.Deploy.0 = Release|Any CPU
		{E26E0CE6-BD1A-4642-B2C2-AA816B71CB2B}.Release|x86.ActiveCfg = Release|Any CPU
		{E26E0CE6-BD1A-4642-B2C2-AA816B71CB2B}.Release|x86.Build.0 = Release|Any CPU
		{E26E0CE6-BD1A-4642-B2C2-AA816B71CB2B}.Release|x86.Deploy.0 = Release|Any CPU
		{8F22358A-57EC-4527-A133-C3AB176BD935}.Ad-Hoc|Any CPU.ActiveCfg = Release|Any CPU
		{8F22358A-57EC-4527-A133-C3AB176BD935}.Ad-Hoc|Any CPU.Build.0 = Release|Any CPU
		{8F22358A-57EC-4527-A133-C3AB176BD935}.Ad-Hoc|Any CPU.Deploy.0 = Release|Any CPU
		{8F22358A-57EC-4527-A133-C3AB176BD935}.Ad-Hoc|ARM.ActiveCfg = Release|ARM
		{8F22358A-57EC-4527-A133-C3AB176BD935}.Ad-Hoc|ARM.Build.0 = Release|ARM
		{8F22358A-57EC-4527-A133-C3AB176BD935}.Ad-Hoc|ARM.Deploy.0 = Release|ARM
		{8F22358A-57EC-4527-A133-C3AB176BD935}.Ad-Hoc|iPhone.ActiveCfg = Release|Any CPU
		{8F22358A-57EC-4527-A133-C3AB176BD935}.Ad-Hoc|iPhone.Build.0 = Release|Any CPU
		{8F22358A-57EC-4527-A133-C3AB176BD935}.Ad-Hoc|iPhone.Deploy.0 = Release|Any CPU
		{8F22358A-57EC-4527-A133-C3AB176BD935}.Ad-Hoc|iPhoneSimulator.ActiveCfg = Release|Any CPU
		{8F22358A-57EC-4527-A133-C3AB176BD935}.Ad-Hoc|iPhoneSimulator.Build.0 = Release|Any CPU
		{8F22358A-57EC-4527-A133-C3AB176BD935}.Ad-Hoc|iPhoneSimulator.Deploy.0 = Release|Any CPU
		{8F22358A-57EC-4527-A133-C3AB176BD935}.Ad-Hoc|x86.ActiveCfg = Release|x86
		{8F22358A-57EC-4527-A133-C3AB176BD935}.Ad-Hoc|x86.Build.0 = Release|x86
		{8F22358A-57EC-4527-A133-C3AB176BD935}.Ad-Hoc|x86.Deploy.0 = Release|x86
		{8F22358A-57EC-4527-A133-C3AB176BD935}.AppStore|Any CPU.ActiveCfg = Release|ARM
		{8F22358A-57EC-4527-A133-C3AB176BD935}.AppStore|Any CPU.Build.0 = Release|ARM
		{8F22358A-57EC-4527-A133-C3AB176BD935}.AppStore|Any CPU.Deploy.0 = Release|ARM
		{8F22358A-57EC-4527-A133-C3AB176BD935}.AppStore|ARM.ActiveCfg = Release|ARM
		{8F22358A-57EC-4527-A133-C3AB176BD935}.AppStore|ARM.Build.0 = Release|ARM
		{8F22358A-57EC-4527-A133-C3AB176BD935}.AppStore|ARM.Deploy.0 = Release|ARM
		{8F22358A-57EC-4527-A133-C3AB176BD935}.AppStore|iPhone.ActiveCfg = Release|Any CPU
		{8F22358A-57EC-4527-A133-C3AB176BD935}.AppStore|iPhone.Build.0 = Release|Any CPU
		{8F22358A-57EC-4527-A133-C3AB176BD935}.AppStore|iPhone.Deploy.0 = Release|Any CPU
		{8F22358A-57EC-4527-A133-C3AB176BD935}.AppStore|iPhoneSimulator.ActiveCfg = Release|Any CPU
		{8F22358A-57EC-4527-A133-C3AB176BD935}.AppStore|iPhoneSimulator.Build.0 = Release|Any CPU
		{8F22358A-57EC-4527-A133-C3AB176BD935}.AppStore|iPhoneSimulator.Deploy.0 = Release|Any CPU
		{8F22358A-57EC-4527-A133-C3AB176BD935}.AppStore|x86.ActiveCfg = Release|x86
		{8F22358A-57EC-4527-A133-C3AB176BD935}.AppStore|x86.Build.0 = Release|x86
		{8F22358A-57EC-4527-A133-C3AB176BD935}.AppStore|x86.Deploy.0 = Release|x86
		{8F22358A-57EC-4527-A133-C3AB176BD935}.Debug|Any CPU.ActiveCfg = Debug|Any CPU
		{8F22358A-57EC-4527-A133-C3AB176BD935}.Debug|Any CPU.Build.0 = Debug|Any CPU
		{8F22358A-57EC-4527-A133-C3AB176BD935}.Debug|Any CPU.Deploy.0 = Debug|Any CPU
		{8F22358A-57EC-4527-A133-C3AB176BD935}.Debug|ARM.ActiveCfg = Debug|ARM
		{8F22358A-57EC-4527-A133-C3AB176BD935}.Debug|ARM.Build.0 = Debug|ARM
		{8F22358A-57EC-4527-A133-C3AB176BD935}.Debug|ARM.Deploy.0 = Debug|ARM
		{8F22358A-57EC-4527-A133-C3AB176BD935}.Debug|iPhone.ActiveCfg = Debug|Any CPU
		{8F22358A-57EC-4527-A133-C3AB176BD935}.Debug|iPhone.Build.0 = Debug|Any CPU
		{8F22358A-57EC-4527-A133-C3AB176BD935}.Debug|iPhone.Deploy.0 = Debug|Any CPU
		{8F22358A-57EC-4527-A133-C3AB176BD935}.Debug|iPhoneSimulator.ActiveCfg = Debug|Any CPU
		{8F22358A-57EC-4527-A133-C3AB176BD935}.Debug|iPhoneSimulator.Build.0 = Debug|Any CPU
		{8F22358A-57EC-4527-A133-C3AB176BD935}.Debug|iPhoneSimulator.Deploy.0 = Debug|Any CPU
		{8F22358A-57EC-4527-A133-C3AB176BD935}.Debug|x86.ActiveCfg = Debug|x86
		{8F22358A-57EC-4527-A133-C3AB176BD935}.Debug|x86.Build.0 = Debug|x86
		{8F22358A-57EC-4527-A133-C3AB176BD935}.Debug|x86.Deploy.0 = Debug|x86
		{8F22358A-57EC-4527-A133-C3AB176BD935}.Release|Any CPU.ActiveCfg = Release|ARM
		{8F22358A-57EC-4527-A133-C3AB176BD935}.Release|Any CPU.Build.0 = Release|ARM
		{8F22358A-57EC-4527-A133-C3AB176BD935}.Release|Any CPU.Deploy.0 = Release|ARM
		{8F22358A-57EC-4527-A133-C3AB176BD935}.Release|ARM.ActiveCfg = Release|ARM
		{8F22358A-57EC-4527-A133-C3AB176BD935}.Release|ARM.Build.0 = Release|ARM
		{8F22358A-57EC-4527-A133-C3AB176BD935}.Release|ARM.Deploy.0 = Release|ARM
		{8F22358A-57EC-4527-A133-C3AB176BD935}.Release|iPhone.ActiveCfg = Release|Any CPU
		{8F22358A-57EC-4527-A133-C3AB176BD935}.Release|iPhone.Build.0 = Release|Any CPU
		{8F22358A-57EC-4527-A133-C3AB176BD935}.Release|iPhone.Deploy.0 = Release|Any CPU
		{8F22358A-57EC-4527-A133-C3AB176BD935}.Release|iPhoneSimulator.ActiveCfg = Release|Any CPU
		{8F22358A-57EC-4527-A133-C3AB176BD935}.Release|iPhoneSimulator.Build.0 = Release|Any CPU
		{8F22358A-57EC-4527-A133-C3AB176BD935}.Release|iPhoneSimulator.Deploy.0 = Release|Any CPU
		{8F22358A-57EC-4527-A133-C3AB176BD935}.Release|x86.ActiveCfg = Release|x86
		{8F22358A-57EC-4527-A133-C3AB176BD935}.Release|x86.Build.0 = Release|x86
		{8F22358A-57EC-4527-A133-C3AB176BD935}.Release|x86.Deploy.0 = Release|x86
		{81CAB23E-FE7D-42E2-9F07-8A5A28CBB325}.Ad-Hoc|Any CPU.ActiveCfg = Release|Any CPU
		{81CAB23E-FE7D-42E2-9F07-8A5A28CBB325}.Ad-Hoc|Any CPU.Build.0 = Release|Any CPU
		{81CAB23E-FE7D-42E2-9F07-8A5A28CBB325}.Ad-Hoc|ARM.ActiveCfg = Release|Any CPU
		{81CAB23E-FE7D-42E2-9F07-8A5A28CBB325}.Ad-Hoc|ARM.Build.0 = Release|Any CPU
		{81CAB23E-FE7D-42E2-9F07-8A5A28CBB325}.Ad-Hoc|iPhone.ActiveCfg = Release|Any CPU
		{81CAB23E-FE7D-42E2-9F07-8A5A28CBB325}.Ad-Hoc|iPhone.Build.0 = Release|Any CPU
		{81CAB23E-FE7D-42E2-9F07-8A5A28CBB325}.Ad-Hoc|iPhoneSimulator.ActiveCfg = Release|Any CPU
		{81CAB23E-FE7D-42E2-9F07-8A5A28CBB325}.Ad-Hoc|iPhoneSimulator.Build.0 = Release|Any CPU
		{81CAB23E-FE7D-42E2-9F07-8A5A28CBB325}.Ad-Hoc|x86.ActiveCfg = Release|Any CPU
		{81CAB23E-FE7D-42E2-9F07-8A5A28CBB325}.Ad-Hoc|x86.Build.0 = Release|Any CPU
		{81CAB23E-FE7D-42E2-9F07-8A5A28CBB325}.AppStore|Any CPU.ActiveCfg = Release|Any CPU
		{81CAB23E-FE7D-42E2-9F07-8A5A28CBB325}.AppStore|Any CPU.Build.0 = Release|Any CPU
		{81CAB23E-FE7D-42E2-9F07-8A5A28CBB325}.AppStore|ARM.ActiveCfg = Release|Any CPU
		{81CAB23E-FE7D-42E2-9F07-8A5A28CBB325}.AppStore|ARM.Build.0 = Release|Any CPU
		{81CAB23E-FE7D-42E2-9F07-8A5A28CBB325}.AppStore|iPhone.ActiveCfg = Release|Any CPU
		{81CAB23E-FE7D-42E2-9F07-8A5A28CBB325}.AppStore|iPhone.Build.0 = Release|Any CPU
		{81CAB23E-FE7D-42E2-9F07-8A5A28CBB325}.AppStore|iPhoneSimulator.ActiveCfg = Release|Any CPU
		{81CAB23E-FE7D-42E2-9F07-8A5A28CBB325}.AppStore|iPhoneSimulator.Build.0 = Release|Any CPU
		{81CAB23E-FE7D-42E2-9F07-8A5A28CBB325}.AppStore|x86.ActiveCfg = Release|Any CPU
		{81CAB23E-FE7D-42E2-9F07-8A5A28CBB325}.AppStore|x86.Build.0 = Release|Any CPU
		{81CAB23E-FE7D-42E2-9F07-8A5A28CBB325}.Debug|Any CPU.ActiveCfg = Debug|Any CPU
		{81CAB23E-FE7D-42E2-9F07-8A5A28CBB325}.Debug|Any CPU.Build.0 = Debug|Any CPU
		{81CAB23E-FE7D-42E2-9F07-8A5A28CBB325}.Debug|ARM.ActiveCfg = Debug|Any CPU
		{81CAB23E-FE7D-42E2-9F07-8A5A28CBB325}.Debug|ARM.Build.0 = Debug|Any CPU
		{81CAB23E-FE7D-42E2-9F07-8A5A28CBB325}.Debug|iPhone.ActiveCfg = Debug|Any CPU
		{81CAB23E-FE7D-42E2-9F07-8A5A28CBB325}.Debug|iPhone.Build.0 = Debug|Any CPU
		{81CAB23E-FE7D-42E2-9F07-8A5A28CBB325}.Debug|iPhoneSimulator.ActiveCfg = Debug|Any CPU
		{81CAB23E-FE7D-42E2-9F07-8A5A28CBB325}.Debug|iPhoneSimulator.Build.0 = Debug|Any CPU
		{81CAB23E-FE7D-42E2-9F07-8A5A28CBB325}.Debug|x86.ActiveCfg = Debug|Any CPU
		{81CAB23E-FE7D-42E2-9F07-8A5A28CBB325}.Debug|x86.Build.0 = Debug|Any CPU
		{81CAB23E-FE7D-42E2-9F07-8A5A28CBB325}.Release|Any CPU.ActiveCfg = Release|Any CPU
		{81CAB23E-FE7D-42E2-9F07-8A5A28CBB325}.Release|Any CPU.Build.0 = Release|Any CPU
		{81CAB23E-FE7D-42E2-9F07-8A5A28CBB325}.Release|ARM.ActiveCfg = Release|Any CPU
		{81CAB23E-FE7D-42E2-9F07-8A5A28CBB325}.Release|ARM.Build.0 = Release|Any CPU
		{81CAB23E-FE7D-42E2-9F07-8A5A28CBB325}.Release|ARM.Deploy.0 = Release|Any CPU
		{81CAB23E-FE7D-42E2-9F07-8A5A28CBB325}.Release|iPhone.ActiveCfg = Release|Any CPU
		{81CAB23E-FE7D-42E2-9F07-8A5A28CBB325}.Release|iPhone.Build.0 = Release|Any CPU
		{81CAB23E-FE7D-42E2-9F07-8A5A28CBB325}.Release|iPhoneSimulator.ActiveCfg = Release|Any CPU
		{81CAB23E-FE7D-42E2-9F07-8A5A28CBB325}.Release|iPhoneSimulator.Build.0 = Release|Any CPU
		{81CAB23E-FE7D-42E2-9F07-8A5A28CBB325}.Release|x86.ActiveCfg = Release|Any CPU
		{81CAB23E-FE7D-42E2-9F07-8A5A28CBB325}.Release|x86.Build.0 = Release|Any CPU
		{FFA56329-E2A1-43C0-9060-343147305394}.Ad-Hoc|Any CPU.ActiveCfg = Release|Any CPU
		{FFA56329-E2A1-43C0-9060-343147305394}.Ad-Hoc|Any CPU.Build.0 = Release|Any CPU
		{FFA56329-E2A1-43C0-9060-343147305394}.Ad-Hoc|ARM.ActiveCfg = Release|Any CPU
		{FFA56329-E2A1-43C0-9060-343147305394}.Ad-Hoc|ARM.Build.0 = Release|Any CPU
		{FFA56329-E2A1-43C0-9060-343147305394}.Ad-Hoc|iPhone.ActiveCfg = Release|Any CPU
		{FFA56329-E2A1-43C0-9060-343147305394}.Ad-Hoc|iPhone.Build.0 = Release|Any CPU
		{FFA56329-E2A1-43C0-9060-343147305394}.Ad-Hoc|iPhoneSimulator.ActiveCfg = Release|Any CPU
		{FFA56329-E2A1-43C0-9060-343147305394}.Ad-Hoc|iPhoneSimulator.Build.0 = Release|Any CPU
		{FFA56329-E2A1-43C0-9060-343147305394}.Ad-Hoc|x86.ActiveCfg = Release|Any CPU
		{FFA56329-E2A1-43C0-9060-343147305394}.Ad-Hoc|x86.Build.0 = Release|Any CPU
		{FFA56329-E2A1-43C0-9060-343147305394}.AppStore|Any CPU.ActiveCfg = Release|Any CPU
		{FFA56329-E2A1-43C0-9060-343147305394}.AppStore|Any CPU.Build.0 = Release|Any CPU
		{FFA56329-E2A1-43C0-9060-343147305394}.AppStore|ARM.ActiveCfg = Release|Any CPU
		{FFA56329-E2A1-43C0-9060-343147305394}.AppStore|ARM.Build.0 = Release|Any CPU
		{FFA56329-E2A1-43C0-9060-343147305394}.AppStore|iPhone.ActiveCfg = Release|Any CPU
		{FFA56329-E2A1-43C0-9060-343147305394}.AppStore|iPhone.Build.0 = Release|Any CPU
		{FFA56329-E2A1-43C0-9060-343147305394}.AppStore|iPhoneSimulator.ActiveCfg = Release|Any CPU
		{FFA56329-E2A1-43C0-9060-343147305394}.AppStore|iPhoneSimulator.Build.0 = Release|Any CPU
		{FFA56329-E2A1-43C0-9060-343147305394}.AppStore|x86.ActiveCfg = Release|Any CPU
		{FFA56329-E2A1-43C0-9060-343147305394}.AppStore|x86.Build.0 = Release|Any CPU
		{FFA56329-E2A1-43C0-9060-343147305394}.Debug|Any CPU.ActiveCfg = Debug|Any CPU
		{FFA56329-E2A1-43C0-9060-343147305394}.Debug|ARM.ActiveCfg = Debug|Any CPU
		{FFA56329-E2A1-43C0-9060-343147305394}.Debug|ARM.Build.0 = Debug|Any CPU
		{FFA56329-E2A1-43C0-9060-343147305394}.Debug|iPhone.ActiveCfg = Debug|Any CPU
		{FFA56329-E2A1-43C0-9060-343147305394}.Debug|iPhone.Build.0 = Debug|Any CPU
		{FFA56329-E2A1-43C0-9060-343147305394}.Debug|iPhoneSimulator.ActiveCfg = Debug|Any CPU
		{FFA56329-E2A1-43C0-9060-343147305394}.Debug|iPhoneSimulator.Build.0 = Debug|Any CPU
		{FFA56329-E2A1-43C0-9060-343147305394}.Debug|x86.ActiveCfg = Debug|Any CPU
		{FFA56329-E2A1-43C0-9060-343147305394}.Debug|x86.Build.0 = Debug|Any CPU
		{FFA56329-E2A1-43C0-9060-343147305394}.Release|Any CPU.ActiveCfg = Release|Any CPU
		{FFA56329-E2A1-43C0-9060-343147305394}.Release|Any CPU.Build.0 = Release|Any CPU
		{FFA56329-E2A1-43C0-9060-343147305394}.Release|ARM.ActiveCfg = Release|Any CPU
		{FFA56329-E2A1-43C0-9060-343147305394}.Release|ARM.Build.0 = Release|Any CPU
		{FFA56329-E2A1-43C0-9060-343147305394}.Release|iPhone.ActiveCfg = Release|Any CPU
		{FFA56329-E2A1-43C0-9060-343147305394}.Release|iPhone.Build.0 = Release|Any CPU
		{FFA56329-E2A1-43C0-9060-343147305394}.Release|iPhoneSimulator.ActiveCfg = Release|Any CPU
		{FFA56329-E2A1-43C0-9060-343147305394}.Release|iPhoneSimulator.Build.0 = Release|Any CPU
		{FFA56329-E2A1-43C0-9060-343147305394}.Release|x86.ActiveCfg = Release|Any CPU
		{FFA56329-E2A1-43C0-9060-343147305394}.Release|x86.Build.0 = Release|Any CPU
		{614216EE-A109-4D97-8633-44033E352280}.Ad-Hoc|Any CPU.ActiveCfg = Release|Any CPU
		{614216EE-A109-4D97-8633-44033E352280}.Ad-Hoc|Any CPU.Build.0 = Release|Any CPU
		{614216EE-A109-4D97-8633-44033E352280}.Ad-Hoc|ARM.ActiveCfg = Release|Any CPU
		{614216EE-A109-4D97-8633-44033E352280}.Ad-Hoc|ARM.Build.0 = Release|Any CPU
		{614216EE-A109-4D97-8633-44033E352280}.Ad-Hoc|iPhone.ActiveCfg = Release|Any CPU
		{614216EE-A109-4D97-8633-44033E352280}.Ad-Hoc|iPhone.Build.0 = Release|Any CPU
		{614216EE-A109-4D97-8633-44033E352280}.Ad-Hoc|iPhoneSimulator.ActiveCfg = Release|Any CPU
		{614216EE-A109-4D97-8633-44033E352280}.Ad-Hoc|iPhoneSimulator.Build.0 = Release|Any CPU
		{614216EE-A109-4D97-8633-44033E352280}.Ad-Hoc|x86.ActiveCfg = Release|Any CPU
		{614216EE-A109-4D97-8633-44033E352280}.Ad-Hoc|x86.Build.0 = Release|Any CPU
		{614216EE-A109-4D97-8633-44033E352280}.AppStore|Any CPU.ActiveCfg = Release|Any CPU
		{614216EE-A109-4D97-8633-44033E352280}.AppStore|Any CPU.Build.0 = Release|Any CPU
		{614216EE-A109-4D97-8633-44033E352280}.AppStore|ARM.ActiveCfg = Release|Any CPU
		{614216EE-A109-4D97-8633-44033E352280}.AppStore|ARM.Build.0 = Release|Any CPU
		{614216EE-A109-4D97-8633-44033E352280}.AppStore|iPhone.ActiveCfg = Release|Any CPU
		{614216EE-A109-4D97-8633-44033E352280}.AppStore|iPhone.Build.0 = Release|Any CPU
		{614216EE-A109-4D97-8633-44033E352280}.AppStore|iPhoneSimulator.ActiveCfg = Release|Any CPU
		{614216EE-A109-4D97-8633-44033E352280}.AppStore|iPhoneSimulator.Build.0 = Release|Any CPU
		{614216EE-A109-4D97-8633-44033E352280}.AppStore|x86.ActiveCfg = Release|Any CPU
		{614216EE-A109-4D97-8633-44033E352280}.AppStore|x86.Build.0 = Release|Any CPU
		{614216EE-A109-4D97-8633-44033E352280}.Debug|Any CPU.ActiveCfg = Debug|Any CPU
		{614216EE-A109-4D97-8633-44033E352280}.Debug|ARM.ActiveCfg = Debug|Any CPU
		{614216EE-A109-4D97-8633-44033E352280}.Debug|ARM.Build.0 = Debug|Any CPU
		{614216EE-A109-4D97-8633-44033E352280}.Debug|iPhone.ActiveCfg = Debug|Any CPU
		{614216EE-A109-4D97-8633-44033E352280}.Debug|iPhone.Build.0 = Debug|Any CPU
		{614216EE-A109-4D97-8633-44033E352280}.Debug|iPhoneSimulator.ActiveCfg = Debug|Any CPU
		{614216EE-A109-4D97-8633-44033E352280}.Debug|iPhoneSimulator.Build.0 = Debug|Any CPU
		{614216EE-A109-4D97-8633-44033E352280}.Debug|x86.ActiveCfg = Debug|Any CPU
		{614216EE-A109-4D97-8633-44033E352280}.Debug|x86.Build.0 = Debug|Any CPU
		{614216EE-A109-4D97-8633-44033E352280}.Release|Any CPU.ActiveCfg = Release|Any CPU
		{614216EE-A109-4D97-8633-44033E352280}.Release|Any CPU.Build.0 = Release|Any CPU
		{614216EE-A109-4D97-8633-44033E352280}.Release|ARM.ActiveCfg = Release|Any CPU
		{614216EE-A109-4D97-8633-44033E352280}.Release|ARM.Build.0 = Release|Any CPU
		{614216EE-A109-4D97-8633-44033E352280}.Release|iPhone.ActiveCfg = Release|Any CPU
		{614216EE-A109-4D97-8633-44033E352280}.Release|iPhone.Build.0 = Release|Any CPU
		{614216EE-A109-4D97-8633-44033E352280}.Release|iPhoneSimulator.ActiveCfg = Release|Any CPU
		{614216EE-A109-4D97-8633-44033E352280}.Release|iPhoneSimulator.Build.0 = Release|Any CPU
		{614216EE-A109-4D97-8633-44033E352280}.Release|x86.ActiveCfg = Release|Any CPU
		{614216EE-A109-4D97-8633-44033E352280}.Release|x86.Build.0 = Release|Any CPU
		{AD9DC558-19D6-4B01-A170-D1838496C749}.Ad-Hoc|Any CPU.ActiveCfg = Release|Any CPU
		{AD9DC558-19D6-4B01-A170-D1838496C749}.Ad-Hoc|Any CPU.Build.0 = Release|Any CPU
		{AD9DC558-19D6-4B01-A170-D1838496C749}.Ad-Hoc|ARM.ActiveCfg = Release|Any CPU
		{AD9DC558-19D6-4B01-A170-D1838496C749}.Ad-Hoc|ARM.Build.0 = Release|Any CPU
		{AD9DC558-19D6-4B01-A170-D1838496C749}.Ad-Hoc|iPhone.ActiveCfg = Release|Any CPU
		{AD9DC558-19D6-4B01-A170-D1838496C749}.Ad-Hoc|iPhone.Build.0 = Release|Any CPU
		{AD9DC558-19D6-4B01-A170-D1838496C749}.Ad-Hoc|iPhoneSimulator.ActiveCfg = Release|Any CPU
		{AD9DC558-19D6-4B01-A170-D1838496C749}.Ad-Hoc|iPhoneSimulator.Build.0 = Release|Any CPU
		{AD9DC558-19D6-4B01-A170-D1838496C749}.Ad-Hoc|x86.ActiveCfg = Release|Any CPU
		{AD9DC558-19D6-4B01-A170-D1838496C749}.Ad-Hoc|x86.Build.0 = Release|Any CPU
		{AD9DC558-19D6-4B01-A170-D1838496C749}.AppStore|Any CPU.ActiveCfg = Release|Any CPU
		{AD9DC558-19D6-4B01-A170-D1838496C749}.AppStore|Any CPU.Build.0 = Release|Any CPU
		{AD9DC558-19D6-4B01-A170-D1838496C749}.AppStore|ARM.ActiveCfg = Release|Any CPU
		{AD9DC558-19D6-4B01-A170-D1838496C749}.AppStore|ARM.Build.0 = Release|Any CPU
		{AD9DC558-19D6-4B01-A170-D1838496C749}.AppStore|iPhone.ActiveCfg = Release|Any CPU
		{AD9DC558-19D6-4B01-A170-D1838496C749}.AppStore|iPhone.Build.0 = Release|Any CPU
		{AD9DC558-19D6-4B01-A170-D1838496C749}.AppStore|iPhoneSimulator.ActiveCfg = Release|Any CPU
		{AD9DC558-19D6-4B01-A170-D1838496C749}.AppStore|iPhoneSimulator.Build.0 = Release|Any CPU
		{AD9DC558-19D6-4B01-A170-D1838496C749}.AppStore|x86.ActiveCfg = Release|Any CPU
		{AD9DC558-19D6-4B01-A170-D1838496C749}.AppStore|x86.Build.0 = Release|Any CPU
		{AD9DC558-19D6-4B01-A170-D1838496C749}.Debug|Any CPU.ActiveCfg = Debug|Any CPU
		{AD9DC558-19D6-4B01-A170-D1838496C749}.Debug|Any CPU.Build.0 = Debug|Any CPU
		{AD9DC558-19D6-4B01-A170-D1838496C749}.Debug|ARM.ActiveCfg = Debug|Any CPU
		{AD9DC558-19D6-4B01-A170-D1838496C749}.Debug|ARM.Build.0 = Debug|Any CPU
		{AD9DC558-19D6-4B01-A170-D1838496C749}.Debug|iPhone.ActiveCfg = Debug|Any CPU
		{AD9DC558-19D6-4B01-A170-D1838496C749}.Debug|iPhone.Build.0 = Debug|Any CPU
		{AD9DC558-19D6-4B01-A170-D1838496C749}.Debug|iPhoneSimulator.ActiveCfg = Debug|Any CPU
		{AD9DC558-19D6-4B01-A170-D1838496C749}.Debug|iPhoneSimulator.Build.0 = Debug|Any CPU
		{AD9DC558-19D6-4B01-A170-D1838496C749}.Debug|x86.ActiveCfg = Debug|Any CPU
		{AD9DC558-19D6-4B01-A170-D1838496C749}.Debug|x86.Build.0 = Debug|Any CPU
		{AD9DC558-19D6-4B01-A170-D1838496C749}.Release|Any CPU.ActiveCfg = Release|Any CPU
		{AD9DC558-19D6-4B01-A170-D1838496C749}.Release|Any CPU.Build.0 = Release|Any CPU
		{AD9DC558-19D6-4B01-A170-D1838496C749}.Release|ARM.ActiveCfg = Release|Any CPU
		{AD9DC558-19D6-4B01-A170-D1838496C749}.Release|ARM.Build.0 = Release|Any CPU
		{AD9DC558-19D6-4B01-A170-D1838496C749}.Release|iPhone.ActiveCfg = Release|Any CPU
		{AD9DC558-19D6-4B01-A170-D1838496C749}.Release|iPhone.Build.0 = Release|Any CPU
		{AD9DC558-19D6-4B01-A170-D1838496C749}.Release|iPhoneSimulator.ActiveCfg = Release|Any CPU
		{AD9DC558-19D6-4B01-A170-D1838496C749}.Release|iPhoneSimulator.Build.0 = Release|Any CPU
		{AD9DC558-19D6-4B01-A170-D1838496C749}.Release|x86.ActiveCfg = Release|Any CPU
		{AD9DC558-19D6-4B01-A170-D1838496C749}.Release|x86.Build.0 = Release|Any CPU
	EndGlobalSection
	GlobalSection(SolutionProperties) = preSolution
		HideSolutionNode = FALSE
	EndGlobalSection
	GlobalSection(MonoDevelopProperties) = preSolution
		Policies = $0
		$0.TextStylePolicy = $3
		$1.inheritsSet = null
		$1.scope = text/x-csharp
		$0.CSharpFormattingPolicy = $2
		$2.StatementBraceStyle = NextLine
		$2.BeforeMethodDeclarationParentheses = False
		$2.BeforeMethodCallParentheses = False
		$2.BeforeConstructorDeclarationParentheses = False
		$2.BeforeDelegateDeclarationParentheses = False
		$2.AfterDelegateDeclarationParameterComma = True
		$2.NewParentheses = False
		$2.SpacesBeforeBrackets = False
		$2.inheritsSet = Mono
		$2.inheritsScope = text/x-csharp
		$2.scope = text/x-csharp
		$3.FileWidth = 120
		$3.inheritsSet = VisualStudio
		$3.inheritsScope = text/plain
		$3.scope = text/plain
		$0.DotNetNamingPolicy = $4
		$4.DirectoryNamespaceAssociation = None
		$4.ResourceNamePolicy = FileFormatDefault
	EndGlobalSection
EndGlobal
